
Microsoft Visual Studio Solution File, Format Version 12.00
# Visual Studio 15
VisualStudioVersion = 15.0.26430.16
MinimumVisualStudioVersion = 10.0.40219.1
Project("{9A19103F-16F7-4668-BE54-9A1E7A4F7556}") = "VagrantAtlas", "VagrantAtlas\VagrantAtlas.csproj", "{039464E9-0679-482B-B0B9-80C03B845ED3}"
EndProject
Project("{9A19103F-16F7-4668-BE54-9A1E7A4F7556}") = "VagrantAtlas.UnitTests", "VagrantAtlas.UnitTests\VagrantAtlas.UnitTests.csproj", "{D83DC34B-5031-4B2D-A184-C75F75E085CA}"
EndProject
Global
	GlobalSection(SolutionConfigurationPlatforms) = preSolution
		Debug|Any CPU = Debug|Any CPU
		Release|Any CPU = Release|Any CPU
	EndGlobalSection
	GlobalSection(ProjectConfigurationPlatforms) = postSolution
		{039464E9-0679-482B-B0B9-80C03B845ED3}.Debug|Any CPU.ActiveCfg = Debug|Any CPU
		{039464E9-0679-482B-B0B9-80C03B845ED3}.Debug|Any CPU.Build.0 = Debug|Any CPU
		{039464E9-0679-482B-B0B9-80C03B845ED3}.Release|Any CPU.ActiveCfg = Release|Any CPU
		{039464E9-0679-482B-B0B9-80C03B845ED3}.Release|Any CPU.Build.0 = Release|Any CPU
		{D83DC34B-5031-4B2D-A184-C75F75E085CA}.Debug|Any CPU.ActiveCfg = Debug|Any CPU
		{D83DC34B-5031-4B2D-A184-C75F75E085CA}.Debug|Any CPU.Build.0 = Debug|Any CPU
		{D83DC34B-5031-4B2D-A184-C75F75E085CA}.Release|Any CPU.ActiveCfg = Release|Any CPU
		{D83DC34B-5031-4B2D-A184-C75F75E085CA}.Release|Any CPU.Build.0 = Release|Any CPU
	EndGlobalSection
	GlobalSection(SolutionProperties) = preSolution
		HideSolutionNode = FALSE
	EndGlobalSection
EndGlobal
